
Microsoft Visual Studio Solution File, Format Version 12.00
# Visual Studio Version 17
VisualStudioVersion = 17.6.33723.286
MinimumVisualStudioVersion = 10.0.40219.1
Project("{FAE04EC0-301F-11D3-BF4B-00C04F79EFBC}") = "Practics_7", "Practics_7\Practics_7.csproj", "{8F8C9886-42B8-4901-A54F-8B6DE7267101}"
EndProject
Global
	GlobalSection(SolutionConfigurationPlatforms) = preSolution
		Debug|Any CPU = Debug|Any CPU
		Release|Any CPU = Release|Any CPU
	EndGlobalSection
	GlobalSection(ProjectConfigurationPlatforms) = postSolution
		{8F8C9886-42B8-4901-A54F-8B6DE7267101}.Debug|Any CPU.ActiveCfg = Debug|Any CPU
		{8F8C9886-42B8-4901-A54F-8B6DE7267101}.Debug|Any CPU.Build.0 = Debug|Any CPU
		{8F8C9886-42B8-4901-A54F-8B6DE7267101}.Release|Any CPU.ActiveCfg = Release|Any CPU
		{8F8C9886-42B8-4901-A54F-8B6DE7267101}.Release|Any CPU.Build.0 = Release|Any CPU
	EndGlobalSection
	GlobalSection(SolutionProperties) = preSolution
		HideSolutionNode = FALSE
	EndGlobalSection
	GlobalSection(ExtensibilityGlobals) = postSolution
		SolutionGuid = {E5950A82-AEBF-4181-9C5B-E9497F0D93F0}
	EndGlobalSection
EndGlobal
